
Microsoft Visual Studio Solution File, Format Version 12.00
# Visual Studio 14
VisualStudioVersion = 14.0.23107.0
MinimumVisualStudioVersion = 10.0.40219.1
Project("{8BC9CEB8-8B4A-11D0-8D11-00A0C91BC942}") = "3D Project", "3D Project\3D Project.vcxproj", "{71C6E9FB-D37C-4A46-BBB9-55235E0FB3F2}"
EndProject
Project("{8BC9CEB8-8B4A-11D0-8D11-00A0C91BC942}") = "RS Extract", "..\RS Extract\RS Extract.vcxproj", "{ABCB0CA8-D4E8-4AE9-9C04-872152E55813}"
EndProject
Global
	GlobalSection(SolutionConfigurationPlatforms) = preSolution
		Debug|x64 = Debug|x64
		Debug|x86 = Debug|x86
		Release|x64 = Release|x64
		Release|x86 = Release|x86
	EndGlobalSection
	GlobalSection(ProjectConfigurationPlatforms) = postSolution
		{71C6E9FB-D37C-4A46-BBB9-55235E0FB3F2}.Debug|x64.ActiveCfg = Debug|x64
		{71C6E9FB-D37C-4A46-BBB9-55235E0FB3F2}.Debug|x64.Build.0 = Debug|x64
		{71C6E9FB-D37C-4A46-BBB9-55235E0FB3F2}.Debug|x86.ActiveCfg = Debug|Win32
		{71C6E9FB-D37C-4A46-BBB9-55235E0FB3F2}.Debug|x86.Build.0 = Debug|Win32
		{71C6E9FB-D37C-4A46-BBB9-55235E0FB3F2}.Release|x64.ActiveCfg = Release|x64
		{71C6E9FB-D37C-4A46-BBB9-55235E0FB3F2}.Release|x64.Build.0 = Release|x64
		{71C6E9FB-D37C-4A46-BBB9-55235E0FB3F2}.Release|x86.ActiveCfg = Release|Win32
		{71C6E9FB-D37C-4A46-BBB9-55235E0FB3F2}.Release|x86.Build.0 = Release|Win32
		{ABCB0CA8-D4E8-4AE9-9C04-872152E55813}.Debug|x64.ActiveCfg = Debug|x64
		{ABCB0CA8-D4E8-4AE9-9C04-872152E55813}.Debug|x64.Build.0 = Debug|x64
		{ABCB0CA8-D4E8-4AE9-9C04-872152E55813}.Debug|x86.ActiveCfg = Debug|Win32
		{ABCB0CA8-D4E8-4AE9-9C04-872152E55813}.Debug|x86.Build.0 = Debug|Win32
		{ABCB0CA8-D4E8-4AE9-9C04-872152E55813}.Release|x64.ActiveCfg = Release|x64
		{ABCB0CA8-D4E8-4AE9-9C04-872152E55813}.Release|x64.Build.0 = Release|x64
		{ABCB0CA8-D4E8-4AE9-9C04-872152E55813}.Release|x86.ActiveCfg = Release|Win32
		{ABCB0CA8-D4E8-4AE9-9C04-872152E55813}.Release|x86.Build.0 = Release|Win32
	EndGlobalSection
	GlobalSection(SolutionProperties) = preSolution
		HideSolutionNode = FALSE
	EndGlobalSection
EndGlobal
