<?xml version="1.0" encoding="utf-8"?>
<Project ToolsVersion="4.0" xmlns="http://schemas.microsoft.com/developer/msbuild/2003">
  <ItemGroup>
    <Filter Include="Component">
      <UniqueIdentifier>{16d24ec9-8d46-4870-9867-390dbbd6cb18}</UniqueIdentifier>
    </Filter>
    <Filter Include="Zombie">
      <UniqueIdentifier>{b3fb1667-6dc5-4cdb-9522-d6b49b4c4daa}</UniqueIdentifier>
    </Filter>
    <Filter Include="Game">
      <UniqueIdentifier>{f7d639e8-ac31-422c-9677-1b6a2cfb64db}</UniqueIdentifier>
    </Filter>
    <Filter Include="Event">
      <UniqueIdentifier>{d33f9259-cce4-4a4e-8b8c-883419847a76}</UniqueIdentifier>
    </Filter>
  </ItemGroup>
  <ItemGroup>
    <ClInclude Include="stdafx.h" />
    <ClInclude Include="LocalPlayerComponent.h">
      <Filter>Component</Filter>
    </ClInclude>
    <ClInclude Include="Zombie.h">
      <Filter>Zombie</Filter>
    </ClInclude>
    <ClInclude Include="AI_Explosive.h">
      <Filter>Zombie</Filter>
    </ClInclude>
    <ClInclude Include="..\3D Project\EngineHeader.h" />
    <ClInclude Include="Game.h">
      <Filter>Game</Filter>
    </ClInclude>
    <ClInclude Include="CharacterResource.h">
      <Filter>Game</Filter>
    </ClInclude>
    <ClInclude Include="WeaponResource.h">
      <Filter>Game</Filter>
    </ClInclude>
    <ClInclude Include="targetver.h" />
    <ClInclude Include="Creature.h">
      <Filter>Game</Filter>
    </ClInclude>
    <ClInclude Include="GunPlayerView.h">
      <Filter>Game</Filter>
    </ClInclude>
    <ClInclude Include="Player.h">
      <Filter>Game</Filter>
    </ClInclude>
    <ClInclude Include="Weapon.h">
      <Filter>Game</Filter>
    </ClInclude>
    <ClInclude Include="PlayerView.h">
      <Filter>Game</Filter>
    </ClInclude>
    <ClInclude Include="EvtData.h">
      <Filter>Event</Filter>
    </ClInclude>
    <ClInclude Include="ZombieController.h">
      <Filter>Component</Filter>
    </ClInclude>
  </ItemGroup>
  <ItemGroup>
    <ClCompile Include="stdafx.cpp" />
    <ClCompile Include="LocalPlayerComponent.cpp">
      <Filter>Component</Filter>
    </ClCompile>
    <ClCompile Include="AI_Explosive.cpp">
      <Filter>Zombie</Filter>
    </ClCompile>
    <ClCompile Include="Zombie.cpp">
      <Filter>Zombie</Filter>
    </ClCompile>
    <ClCompile Include="Game.cpp">
      <Filter>Game</Filter>
    </ClCompile>
    <ClCompile Include="Weapon.cpp">
      <Filter>Game</Filter>
    </ClCompile>
    <ClCompile Include="PlayerView.cpp">
      <Filter>Game</Filter>
    </ClCompile>
    <ClCompile Include="Player.cpp">
      <Filter>Game</Filter>
    </ClCompile>
    <ClCompile Include="GunPlayerView.cpp">
      <Filter>Game</Filter>
    </ClCompile>
    <ClCompile Include="Creature.cpp">
      <Filter>Game</Filter>
    </ClCompile>
    <ClCompile Include="EvtData.cpp">
      <Filter>Event</Filter>
    </ClCompile>
    <ClCompile Include="ZombieController.cpp">
      <Filter>Component</Filter>
    </ClCompile>
  </ItemGroup>
</Project>