<?xml version="1.0" encoding="utf-8"?>
<Project ToolsVersion="4.0" xmlns="http://schemas.microsoft.com/developer/msbuild/2003">
  <ItemGroup>
    <ClInclude Include="pch.h" />
    <ClInclude Include="Core\Windows.h">
      <Filter>Core</Filter>
    </ClInclude>
    <ClInclude Include="Utilities\Shader.h">
      <Filter>Utilities</Filter>
    </ClInclude>
    <ClInclude Include="Utilities\Timer.h">
      <Filter>Utilities</Filter>
    </ClInclude>
    <ClInclude Include="Utilities\Input.h">
      <Filter>Utilities</Filter>
    </ClInclude>
    <ClInclude Include="Math\Frustum.h">
      <Filter>Math</Filter>
    </ClInclude>
    <ClInclude Include="Math\Plane.h">
      <Filter>Math</Filter>
    </ClInclude>
    <ClInclude Include="ResourceCache\ModelCache.h">
      <Filter>ResourceCache</Filter>
    </ClInclude>
    <ClInclude Include="ResourceCache\ResourceLoader.h">
      <Filter>ResourceCache</Filter>
    </ClInclude>
    <ClInclude Include="ResourceCache\Texture.h">
      <Filter>ResourceCache</Filter>
    </ClInclude>
    <ClInclude Include="ResourceCache\LTBDef.h">
      <Filter>ResourceCache</Filter>
    </ClInclude>
    <ClInclude Include="ResourceCache\LTBFileLoader.h">
      <Filter>ResourceCache</Filter>
    </ClInclude>
    <ClInclude Include="Graphics3D\Mesh.h">
      <Filter>Graphics3D</Filter>
    </ClInclude>
    <ClInclude Include="Graphics3D\Material.h">
      <Filter>Graphics3D</Filter>
    </ClInclude>
    <ClInclude Include="Graphics3D\SkeMesh.h">
      <Filter>Graphics3D</Filter>
    </ClInclude>
    <ClInclude Include="Graphics3D\AnimationDef.h">
      <Filter>Graphics3D</Filter>
    </ClInclude>
    <ClInclude Include="GameObject\Actor.h">
      <Filter>GameObject</Filter>
    </ClInclude>
    <ClInclude Include="Utilities\String.h">
      <Filter>Utilities</Filter>
    </ClInclude>
    <ClInclude Include="GameObject\ActorFactory.h">
      <Filter>GameObject</Filter>
    </ClInclude>
    <ClInclude Include="interface.h" />
    <ClInclude Include="Utilities\Template.h">
      <Filter>Utilities</Filter>
    </ClInclude>
    <ClInclude Include="Graphics3D\Scene.h">
      <Filter>Graphics3D</Filter>
    </ClInclude>
    <ClInclude Include="Utilities\PrimitiveShape\Cube.h">
      <Filter>Utilities\Primitive Shape</Filter>
    </ClInclude>
    <ClInclude Include="Graphics3D\Light.h">
      <Filter>Graphics3D</Filter>
    </ClInclude>
    <ClInclude Include="Physic\Physic.h">
      <Filter>Physics</Filter>
    </ClInclude>
    <ClInclude Include="EventManager\EventManager.h">
      <Filter>EventManager</Filter>
    </ClInclude>
    <ClInclude Include="EventManager\Events.h">
      <Filter>EventManager</Filter>
    </ClInclude>
    <ClInclude Include="Physic\PhysicDebugDrawer.h">
      <Filter>Physics</Filter>
    </ClInclude>
    <ClInclude Include="Utilities\PrimitiveShape\Line.h">
      <Filter>Utilities\Primitive Shape</Filter>
    </ClInclude>
    <ClInclude Include="Math\AABB.h">
      <Filter>Math</Filter>
    </ClInclude>
    <ClInclude Include="EventManager\AnimationEvent.h">
      <Filter>EventManager</Filter>
    </ClInclude>
    <ClInclude Include="Graphics3D\PrimitiveShader.h">
      <Filter>Graphics3D\Shader</Filter>
    </ClInclude>
    <ClInclude Include="Graphics3D\TexShader.h">
      <Filter>Graphics3D\Shader</Filter>
    </ClInclude>
    <ClInclude Include="Graphics3D\SkeShader.h">
      <Filter>Graphics3D\Shader</Filter>
    </ClInclude>
    <ClInclude Include="EventManager\TestScriptEvent.h">
      <Filter>EventManager</Filter>
    </ClInclude>
    <ClInclude Include="EventManager\PhysicsEvents.h">
      <Filter>EventManager</Filter>
    </ClInclude>
    <ClInclude Include="Graphics3D\RenderAPI.h">
      <Filter>Graphics3D</Filter>
    </ClInclude>
    <ClInclude Include="Utilities\PhysicsUtilities.h">
      <Filter>Utilities</Filter>
    </ClInclude>
    <ClInclude Include="Graphics3D\OpenGLRenderer.h">
      <Filter>Graphics3D</Filter>
    </ClInclude>
    <ClInclude Include="Core\Application.h">
      <Filter>Core</Filter>
    </ClInclude>
    <ClInclude Include="World\TerrainWorld.h">
      <Filter>World</Filter>
    </ClInclude>
    <ClInclude Include="Graphics3D\Octree.h">
      <Filter>Graphics3D</Filter>
    </ClInclude>
    <ClInclude Include="GameObject\ActorComponent.h">
      <Filter>GameObject\Component</Filter>
    </ClInclude>
    <ClInclude Include="GameObject\AnimationComponent.h">
      <Filter>GameObject\Component</Filter>
    </ClInclude>
    <ClInclude Include="GameObject\CameraComponent.h">
      <Filter>GameObject\Component</Filter>
    </ClInclude>
    <ClInclude Include="GameObject\CharacterControllerComponent.h">
      <Filter>GameObject\Component</Filter>
    </ClInclude>
    <ClInclude Include="GameObject\ColliderComponent.h">
      <Filter>GameObject\Component</Filter>
    </ClInclude>
    <ClInclude Include="GameObject\LogicComponent.h">
      <Filter>GameObject\Component</Filter>
    </ClInclude>
    <ClInclude Include="GameObject\MeshRenderComponent.h">
      <Filter>GameObject\Component</Filter>
    </ClInclude>
    <ClInclude Include="GameObject\RigidBodyComponent.h">
      <Filter>GameObject\Component</Filter>
    </ClInclude>
    <ClInclude Include="GameObject\TerrainRenderComponent.h">
      <Filter>GameObject\Component</Filter>
    </ClInclude>
    <ClInclude Include="GameObject\TransformComponent.h">
      <Filter>GameObject\Component</Filter>
    </ClInclude>
    <ClInclude Include="GameObject\Player.h">
      <Filter>GameObject</Filter>
    </ClInclude>
    <ClInclude Include="GameObject\PlayerView.h">
      <Filter>GameObject</Filter>
    </ClInclude>
    <ClInclude Include="Core\Context.h">
      <Filter>Core</Filter>
    </ClInclude>
    <ClInclude Include="include\imgui\imconfig.h">
      <Filter>Utilities\imgui</Filter>
    </ClInclude>
    <ClInclude Include="include\imgui\imgui.h">
      <Filter>Utilities\imgui</Filter>
    </ClInclude>
    <ClInclude Include="include\imgui\imgui_internal.h">
      <Filter>Utilities\imgui</Filter>
    </ClInclude>
    <ClInclude Include="include\imgui\stb_rect_pack.h">
      <Filter>Utilities\imgui</Filter>
    </ClInclude>
    <ClInclude Include="include\imgui\stb_textedit.h">
      <Filter>Utilities\imgui</Filter>
    </ClInclude>
    <ClInclude Include="include\imgui\stb_truetype.h">
      <Filter>Utilities\imgui</Filter>
    </ClInclude>
    <ClInclude Include="Graphics3D\Camera.h">
      <Filter>Graphics3D</Filter>
    </ClInclude>
    <ClInclude Include="Core\Console.h">
      <Filter>Core</Filter>
    </ClInclude>
    <ClInclude Include="Core\DirectInput.h">
      <Filter>Core</Filter>
    </ClInclude>
    <ClInclude Include="Core\Log.h">
      <Filter>Core</Filter>
    </ClInclude>
    <ClInclude Include="Core\Debug.h">
      <Filter>Core</Filter>
    </ClInclude>
    <ClInclude Include="MyGame\Game.h">
      <Filter>MyGame</Filter>
    </ClInclude>
    <ClInclude Include="GameHeader.h">
      <Filter>MyGame</Filter>
    </ClInclude>
    <ClInclude Include="MyGame\WeaponResource.h">
      <Filter>MyGame</Filter>
    </ClInclude>
    <ClInclude Include="MyGame\CharacterResource.h">
      <Filter>MyGame</Filter>
    </ClInclude>
    <ClInclude Include="MyGame\Weapon.h">
      <Filter>MyGame</Filter>
    </ClInclude>
    <ClInclude Include="MyGame\EvtData.h">
      <Filter>MyGame\Event</Filter>
    </ClInclude>
  </ItemGroup>
  <ItemGroup>
    <ClCompile Include="pch.cpp" />
    <ClCompile Include="Core\Windows.cpp">
      <Filter>Core</Filter>
    </ClCompile>
    <ClCompile Include="Source.cpp" />
    <ClCompile Include="Utilities\Shader.cpp">
      <Filter>Utilities</Filter>
    </ClCompile>
    <ClCompile Include="Utilities\Timer.cpp">
      <Filter>Utilities</Filter>
    </ClCompile>
    <ClCompile Include="Utilities\Input.cpp">
      <Filter>Utilities</Filter>
    </ClCompile>
    <ClCompile Include="Math\Frustum.cpp">
      <Filter>Math</Filter>
    </ClCompile>
    <ClCompile Include="Math\Plane.cpp">
      <Filter>Math</Filter>
    </ClCompile>
    <ClCompile Include="ResourceCache\ResourceLoader.cpp">
      <Filter>ResourceCache</Filter>
    </ClCompile>
    <ClCompile Include="ResourceCache\LTBFileLoader.cpp">
      <Filter>ResourceCache</Filter>
    </ClCompile>
    <ClCompile Include="Graphics3D\Mesh.cpp">
      <Filter>Graphics3D</Filter>
    </ClCompile>
    <ClCompile Include="Graphics3D\SkeMesh.cpp">
      <Filter>Graphics3D</Filter>
    </ClCompile>
    <ClCompile Include="GameObject\Actor.cpp">
      <Filter>GameObject</Filter>
    </ClCompile>
    <ClCompile Include="Utilities\String.cpp">
      <Filter>Utilities</Filter>
    </ClCompile>
    <ClCompile Include="Graphics3D\Scene.cpp">
      <Filter>Graphics3D</Filter>
    </ClCompile>
    <ClCompile Include="Utilities\PrimitiveShape\Cube.cpp">
      <Filter>Utilities\Primitive Shape</Filter>
    </ClCompile>
    <ClCompile Include="Physic\Physic.cpp">
      <Filter>Physics</Filter>
    </ClCompile>
    <ClCompile Include="EventManager\EventManager.cpp">
      <Filter>EventManager</Filter>
    </ClCompile>
    <ClCompile Include="EventManager\Events.cpp">
      <Filter>EventManager</Filter>
    </ClCompile>
    <ClCompile Include="Physic\PhysicDebugDrawer.cpp">
      <Filter>Physics</Filter>
    </ClCompile>
    <ClCompile Include="Utilities\PrimitiveShape\Line.cpp">
      <Filter>Utilities\Primitive Shape</Filter>
    </ClCompile>
    <ClCompile Include="Math\AABB.cpp">
      <Filter>Math</Filter>
    </ClCompile>
    <ClCompile Include="Graphics3D\PrimitiveShader.cpp">
      <Filter>Graphics3D\Shader</Filter>
    </ClCompile>
    <ClCompile Include="Graphics3D\TexShader.cpp">
      <Filter>Graphics3D\Shader</Filter>
    </ClCompile>
    <ClCompile Include="Graphics3D\SkeShader.cpp">
      <Filter>Graphics3D\Shader</Filter>
    </ClCompile>
    <ClCompile Include="EventManager\TestScriptEvent.cpp">
      <Filter>EventManager</Filter>
    </ClCompile>
    <ClCompile Include="EventManager\PhysicsEvents.cpp">
      <Filter>EventManager</Filter>
    </ClCompile>
    <ClCompile Include="Graphics3D\OpenGLRenderer.cpp">
      <Filter>Graphics3D</Filter>
    </ClCompile>
    <ClCompile Include="Core\Application.cpp">
      <Filter>Core</Filter>
    </ClCompile>
    <ClCompile Include="World\TerrainWorld.cpp">
      <Filter>World</Filter>
    </ClCompile>
    <ClCompile Include="GameObject\ActorFactory.cpp">
      <Filter>GameObject</Filter>
    </ClCompile>
    <ClCompile Include="Graphics3D\Octree.cpp">
      <Filter>Graphics3D</Filter>
    </ClCompile>
    <ClCompile Include="GameObject\AnimationComponent.cpp">
      <Filter>GameObject\Component</Filter>
    </ClCompile>
    <ClCompile Include="GameObject\CameraComponent.cpp">
      <Filter>GameObject\Component</Filter>
    </ClCompile>
    <ClCompile Include="GameObject\CharacterControllerComponent.cpp">
      <Filter>GameObject\Component</Filter>
    </ClCompile>
    <ClCompile Include="GameObject\ColliderComponent.cpp">
      <Filter>GameObject\Component</Filter>
    </ClCompile>
    <ClCompile Include="GameObject\LogicComponent.cpp">
      <Filter>GameObject\Component</Filter>
    </ClCompile>
    <ClCompile Include="GameObject\MeshRenderComponent.cpp">
      <Filter>GameObject\Component</Filter>
    </ClCompile>
    <ClCompile Include="GameObject\RigidBodyComponent.cpp">
      <Filter>GameObject\Component</Filter>
    </ClCompile>
    <ClCompile Include="GameObject\TerrainRenderComponent.cpp">
      <Filter>GameObject\Component</Filter>
    </ClCompile>
    <ClCompile Include="GameObject\TransformComponent.cpp">
      <Filter>GameObject\Component</Filter>
    </ClCompile>
    <ClCompile Include="GameObject\Player.cpp">
      <Filter>GameObject</Filter>
    </ClCompile>
    <ClCompile Include="GameObject\PlayerView.cpp">
      <Filter>GameObject</Filter>
    </ClCompile>
    <ClCompile Include="include\imgui\imgui.cpp">
      <Filter>Utilities\imgui</Filter>
    </ClCompile>
    <ClCompile Include="include\imgui\imgui_draw.cpp">
      <Filter>Utilities\imgui</Filter>
    </ClCompile>
    <ClCompile Include="Graphics3D\Camera.cpp">
      <Filter>Graphics3D</Filter>
    </ClCompile>
    <ClCompile Include="Core\Console.cpp">
      <Filter>Core</Filter>
    </ClCompile>
    <ClCompile Include="Core\DirectInput.cpp">
      <Filter>Core</Filter>
    </ClCompile>
    <ClCompile Include="Core\Log.cpp">
      <Filter>Core</Filter>
    </ClCompile>
    <ClCompile Include="Core\Context.cpp">
      <Filter>Core</Filter>
    </ClCompile>
    <ClCompile Include="GameObject\ActorComponent.cpp">
      <Filter>GameObject\Component</Filter>
    </ClCompile>
    <ClCompile Include="Core\Debug.cpp">
      <Filter>Core</Filter>
    </ClCompile>
    <ClCompile Include="MyGame\Game.cpp">
      <Filter>MyGame</Filter>
    </ClCompile>
    <ClCompile Include="MyGame\Weapon.cpp">
      <Filter>MyGame</Filter>
    </ClCompile>
  </ItemGroup>
  <ItemGroup>
    <Filter Include="Core">
      <UniqueIdentifier>{75cf2257-7778-4b99-941a-3aa1c5a16d1f}</UniqueIdentifier>
    </Filter>
    <Filter Include="Math">
      <UniqueIdentifier>{055f1407-bf34-4cde-9a5d-d76d2e753875}</UniqueIdentifier>
    </Filter>
    <Filter Include="Utilities">
      <UniqueIdentifier>{ab572b2e-eaae-47a7-a3b2-ea7ebe26bca1}</UniqueIdentifier>
    </Filter>
    <Filter Include="ResourceCache">
      <UniqueIdentifier>{6e27c3eb-7718-4335-9f1f-320cb2be3f53}</UniqueIdentifier>
    </Filter>
    <Filter Include="Graphics3D">
      <UniqueIdentifier>{9fea3dfb-c595-4397-8847-9cfb6ec2a646}</UniqueIdentifier>
    </Filter>
    <Filter Include="GameObject">
      <UniqueIdentifier>{4c146923-d6f9-4a48-aab7-dfa9bf8a2a13}</UniqueIdentifier>
    </Filter>
    <Filter Include="Utilities\Primitive Shape">
      <UniqueIdentifier>{03267231-4d95-47c3-be6f-97dcd55099e7}</UniqueIdentifier>
    </Filter>
    <Filter Include="GameAssets">
      <UniqueIdentifier>{e065ac98-9017-4c21-ab1a-c062573d470a}</UniqueIdentifier>
    </Filter>
    <Filter Include="GameAssets\SHADER">
      <UniqueIdentifier>{e9aa33ff-81f4-4875-aa05-7d06e3ffed3c}</UniqueIdentifier>
    </Filter>
    <Filter Include="GameAssets\MODEL">
      <UniqueIdentifier>{74725479-50fd-4ccc-a60b-c83a5578a4fb}</UniqueIdentifier>
    </Filter>
    <Filter Include="EventManager">
      <UniqueIdentifier>{7317b3bb-9bcd-43dc-9e97-15f255ddf013}</UniqueIdentifier>
    </Filter>
    <Filter Include="Graphics3D\Shader">
      <UniqueIdentifier>{4fff9f02-8bf5-446c-8dfe-0b2d7a041e72}</UniqueIdentifier>
    </Filter>
    <Filter Include="GameAssets\SCRIPT">
      <UniqueIdentifier>{28500c10-7e1f-4bae-9498-5a26d4db9f1b}</UniqueIdentifier>
    </Filter>
    <Filter Include="Physics">
      <UniqueIdentifier>{a064230a-ae38-4e46-b725-b76b8b1d44eb}</UniqueIdentifier>
    </Filter>
    <Filter Include="World">
      <UniqueIdentifier>{ca959d2e-619f-4e25-a864-991fc425c9d5}</UniqueIdentifier>
    </Filter>
    <Filter Include="GameObject\Component">
      <UniqueIdentifier>{2be29528-ced4-459a-bea9-46e666d0fc85}</UniqueIdentifier>
    </Filter>
    <Filter Include="Utilities\imgui">
      <UniqueIdentifier>{e56bc35b-3139-4a90-aaf9-47b79952884a}</UniqueIdentifier>
    </Filter>
    <Filter Include="GameAssets\ACTOR">
      <UniqueIdentifier>{a57646c4-e4a6-45cf-bd22-e45239463c23}</UniqueIdentifier>
    </Filter>
    <Filter Include="GameAssets\WEAPON">
      <UniqueIdentifier>{7bb93134-dcf5-459d-8479-958495850ed0}</UniqueIdentifier>
    </Filter>
    <Filter Include="MyGame">
      <UniqueIdentifier>{e94714dd-ad1b-4fa2-a4ee-a2ad7f9ce945}</UniqueIdentifier>
    </Filter>
    <Filter Include="MyGame\Event">
      <UniqueIdentifier>{dde52c79-37a7-4582-b1c8-f2612d78f59c}</UniqueIdentifier>
    </Filter>
  </ItemGroup>
  <ItemGroup>
    <None Include="GameAssets\Shader\NoTexture.vs">
      <Filter>GameAssets\SHADER</Filter>
    </None>
    <None Include="GameAssets\Shader\NoTexture.fs">
      <Filter>GameAssets\SHADER</Filter>
    </None>
    <None Include="GameAssets\SHADER\Texture.fs">
      <Filter>GameAssets\SHADER</Filter>
    </None>
    <None Include="GameAssets\SHADER\Debug.vs">
      <Filter>GameAssets\SHADER</Filter>
    </None>
    <None Include="GameAssets\SHADER\Debug.fs">
      <Filter>GameAssets\SHADER</Filter>
    </None>
    <None Include="GameAssets\SHADER\Skeleton.vs">
      <Filter>GameAssets\SHADER</Filter>
    </None>
    <None Include="GameAssets\SCRIPTS\test.lua">
      <Filter>GameAssets\SCRIPT</Filter>
    </None>
    <None Include="GameAssets\SCRIPTS\Box.lua">
      <Filter>GameAssets\SCRIPT</Filter>
    </None>
    <None Include="GameAssets\SHADER\Texture.vs">
      <Filter>GameAssets\SHADER</Filter>
    </None>
    <None Include="GameAssets\SHADER\imgui.vs">
      <Filter>GameAssets\SHADER</Filter>
    </None>
    <None Include="GameAssets\SHADER\imgui.fs">
      <Filter>GameAssets\SHADER</Filter>
    </None>
  </ItemGroup>
  <ItemGroup>
    <Xml Include="GameAssets\MODEL\707.xml">
      <Filter>GameAssets\MODEL</Filter>
    </Xml>
    <Xml Include="GameAssets\physics.xml">
      <Filter>GameAssets</Filter>
    </Xml>
    <Xml Include="GameAssets\Renderer.xml">
      <Filter>GameAssets</Filter>
    </Xml>
    <Xml Include="GameAssets\Resources.xml">
      <Filter>GameAssets</Filter>
    </Xml>
    <Xml Include="GameAssets\ACTOR\Box.xml">
      <Filter>GameAssets\ACTOR</Filter>
    </Xml>
    <Xml Include="GameAssets\ACTOR\Camera.xml">
      <Filter>GameAssets\ACTOR</Filter>
    </Xml>
    <Xml Include="GameAssets\ACTOR\Ground.xml">
      <Filter>GameAssets\ACTOR</Filter>
    </Xml>
    <Xml Include="GameAssets\ACTOR\Player.xml">
      <Filter>GameAssets\ACTOR</Filter>
    </Xml>
    <Xml Include="GameAssets\ACTOR\PlayerWoman.xml">
      <Filter>GameAssets\ACTOR</Filter>
    </Xml>
    <Xml Include="GameAssets\ACTOR\PV.xml">
      <Filter>GameAssets\ACTOR</Filter>
    </Xml>
    <Xml Include="GameAssets\ACTOR\Root.xml">
      <Filter>GameAssets\ACTOR</Filter>
    </Xml>
    <Xml Include="GameAssets\ACTOR\Terrain.xml">
      <Filter>GameAssets\ACTOR</Filter>
    </Xml>
    <Xml Include="GameAssets\ACTOR\Zombie.xml">
      <Filter>GameAssets\ACTOR</Filter>
    </Xml>
    <Xml Include="GameAssets\ACTOR\ZombieAssassin.xml">
      <Filter>GameAssets\ACTOR</Filter>
    </Xml>
    <Xml Include="GameAssets\WEAPON\Weapon.xml">
      <Filter>GameAssets\WEAPON</Filter>
    </Xml>
    <Xml Include="GameAssets\WEAPON\Character.xml">
      <Filter>GameAssets\WEAPON</Filter>
    </Xml>
  </ItemGroup>
</Project>