<?xml version="1.0" encoding="utf-8"?>
<Project ToolsVersion="4.0" xmlns="http://schemas.microsoft.com/developer/msbuild/2003">
  <ItemGroup>
    <ClInclude Include="pch.h" />
    <ClInclude Include="Utilities\String.h">
      <Filter>Utilities</Filter>
    </ClInclude>
    <ClInclude Include="Utilities\Template.h">
      <Filter>Utilities</Filter>
    </ClInclude>
    <ClInclude Include="Utilities\PhysicsUtilities.h">
      <Filter>Utilities</Filter>
    </ClInclude>
    <ClInclude Include="Core\Application.h">
      <Filter>Core</Filter>
    </ClInclude>
    <ClInclude Include="Core\Context.h">
      <Filter>Core</Filter>
    </ClInclude>
    <ClInclude Include="Core\Log.h">
      <Filter>Core</Filter>
    </ClInclude>
    <ClInclude Include="interface.h" />
    <ClInclude Include="GamePlugin\GamePluginManager.h">
      <Filter>GamePlugin</Filter>
    </ClInclude>
    <ClInclude Include="Utilities\Observer.h">
      <Filter>Utilities</Filter>
    </ClInclude>
    <ClInclude Include="Interface\IActor.h">
      <Filter>Interface</Filter>
    </ClInclude>
    <ClInclude Include="Interface\IComponent.h">
      <Filter>Interface</Filter>
    </ClInclude>
    <ClInclude Include="Interface\IFactory.h">
      <Filter>Interface</Filter>
    </ClInclude>
    <ClInclude Include="Interface\IEventManager.h">
      <Filter>Interface</Filter>
    </ClInclude>
    <ClInclude Include="Interface\IEvent.h">
      <Filter>Interface</Filter>
    </ClInclude>
    <ClInclude Include="Interface\IResourceManager.h">
      <Filter>Interface</Filter>
    </ClInclude>
    <ClInclude Include="Interface\IModelResource.h">
      <Filter>Interface</Filter>
    </ClInclude>
    <ClInclude Include="Interface\IContext.h">
      <Filter>Interface</Filter>
    </ClInclude>
    <ClInclude Include="Interface\IShader.h">
      <Filter>Interface</Filter>
    </ClInclude>
    <ClInclude Include="Graphics3D\OpenGL\OpenGLRenderDevice.h">
      <Filter>Graphics3D\OpenGL</Filter>
    </ClInclude>
    <ClInclude Include="Graphics3D\OpenGL\OpenGLVertexShader.h">
      <Filter>Graphics3D\OpenGL</Filter>
    </ClInclude>
    <ClInclude Include="Graphics3D\OpenGL\OpenGLPixelShader.h">
      <Filter>Graphics3D\OpenGL</Filter>
    </ClInclude>
    <ClInclude Include="Graphics3D\OpenGL\OpenGLPipeline.h">
      <Filter>Graphics3D\OpenGL</Filter>
    </ClInclude>
    <ClInclude Include="Graphics3D\OpenGL\OpenGLVertexBuffer.h">
      <Filter>Graphics3D\OpenGL</Filter>
    </ClInclude>
    <ClInclude Include="Graphics3D\OpenGL\OpenGLIndexBuffer.h">
      <Filter>Graphics3D\OpenGL</Filter>
    </ClInclude>
    <ClInclude Include="Graphics3D\OpenGL\OpenGLTexture.h">
      <Filter>Graphics3D\OpenGL</Filter>
    </ClInclude>
    <ClInclude Include="Graphics3D\OpenGL\OpenGLCompressTexture.h">
      <Filter>Graphics3D\OpenGL</Filter>
    </ClInclude>
    <ClInclude Include="Graphics3D\OpenGL\OpenGLPipelineParam.h">
      <Filter>Graphics3D\OpenGL</Filter>
    </ClInclude>
    <ClInclude Include="Graphics3D\OpenGL\OpenGLVertexArray.h">
      <Filter>Graphics3D\OpenGL</Filter>
    </ClInclude>
    <ClInclude Include="Graphics3D\OpenGL\OpenGLVertexDescription.h">
      <Filter>Graphics3D\OpenGL</Filter>
    </ClInclude>
    <ClInclude Include="Interface\IWindow.h">
      <Filter>Interface</Filter>
    </ClInclude>
    <ClInclude Include="Core\OpenGLWindows.h">
      <Filter>Core</Filter>
    </ClInclude>
    <ClInclude Include="Interface\IInput.h">
      <Filter>Interface</Filter>
    </ClInclude>
    <ClInclude Include="Core\OpenGLInput.h">
      <Filter>Core</Filter>
    </ClInclude>
    <ClInclude Include="Interface\IDebugRender.h">
      <Filter>Interface</Filter>
    </ClInclude>
    <ClInclude Include="Interface\ISysUI.h">
      <Filter>Interface</Filter>
    </ClInclude>
    <ClInclude Include="Core\OpenGLSysUI.h">
      <Filter>Core</Filter>
    </ClInclude>
    <ClInclude Include="Interface\ISoundEngine.h">
      <Filter>Interface</Filter>
    </ClInclude>
    <ClInclude Include="Interface\IConsole.h">
      <Filter>Interface</Filter>
    </ClInclude>
    <ClInclude Include="Interface\IGamePhysic.h">
      <Filter>Interface</Filter>
    </ClInclude>
    <ClInclude Include="Interface\ITimer.h">
      <Filter>Interface</Filter>
    </ClInclude>
    <ClInclude Include="ResourceManager\ResourceManager.h">
      <Filter>ResourceManager</Filter>
    </ClInclude>
    <ClInclude Include="Graphics3D\Vertex.h">
      <Filter>Graphics3D</Filter>
    </ClInclude>
    <ClInclude Include="Interface\IGamePlugin.h">
      <Filter>Interface</Filter>
    </ClInclude>
    <ClInclude Include="Interface\ISubSystem.h">
      <Filter>Interface</Filter>
    </ClInclude>
    <ClInclude Include="Graphics3D\OpenGL\OpenGLCubeTexture.h">
      <Filter>Graphics3D\OpenGL</Filter>
    </ClInclude>
    <ClInclude Include="ResourceManager\LTBFileLoader.h">
      <Filter>ResourceManager</Filter>
    </ClInclude>
    <ClInclude Include="ResourceManager\LTRawData.h">
      <Filter>ResourceManager</Filter>
    </ClInclude>
    <ClInclude Include="Math\AABB.h">
      <Filter>Math</Filter>
    </ClInclude>
    <ClInclude Include="Graphics3D\Material.h">
      <Filter>Graphics3D</Filter>
    </ClInclude>
    <ClInclude Include="Graphics3D\SkeMesh.h">
      <Filter>Graphics3D</Filter>
    </ClInclude>
    <ClInclude Include="Graphics3D\ModelRender.h">
      <Filter>Graphics3D</Filter>
    </ClInclude>
    <ClInclude Include="Graphics3D\Mesh.h">
      <Filter>Graphics3D</Filter>
    </ClInclude>
    <ClInclude Include="typedef.h" />
    <ClInclude Include="Core\ActorFactory.h">
      <Filter>Core</Filter>
    </ClInclude>
    <ClInclude Include="Graphics3D\Actor.h">
      <Filter>Graphics3D</Filter>
    </ClInclude>
    <ClInclude Include="Graphics3D\Scene.h">
      <Filter>Graphics3D</Filter>
    </ClInclude>
    <ClInclude Include="Graphics3D\Light.h">
      <Filter>Graphics3D</Filter>
    </ClInclude>
    <ClInclude Include="Utilities\Delegate.h">
      <Filter>Utilities</Filter>
    </ClInclude>
    <ClInclude Include="Interface\IScene.h">
      <Filter>Interface</Filter>
    </ClInclude>
    <ClInclude Include="Core\EventManager.h">
      <Filter>Core</Filter>
    </ClInclude>
    <ClInclude Include="Core\Events.h">
      <Filter>Core</Filter>
    </ClInclude>
    <ClInclude Include="Core\Timer.h">
      <Filter>Core</Filter>
    </ClInclude>
    <ClInclude Include="GameComponents\TransformComponent.h">
      <Filter>Components</Filter>
    </ClInclude>
    <ClInclude Include="GameComponents\MeshRenderComponent.h">
      <Filter>Components</Filter>
    </ClInclude>
    <ClInclude Include="Utilities\Utility.h">
      <Filter>Utilities</Filter>
    </ClInclude>
    <ClInclude Include="Graphics3D\SkeletonMaterial.h">
      <Filter>Graphics3D</Filter>
    </ClInclude>
    <ClInclude Include="Graphics3D\DefaultMaterial.h">
      <Filter>Graphics3D</Filter>
    </ClInclude>
    <ClInclude Include="Utilities\LTBStruct.h">
      <Filter>Utilities</Filter>
    </ClInclude>
    <ClInclude Include="Graphics3D\DefaultMesh.h">
      <Filter>Graphics3D</Filter>
    </ClInclude>
    <ClInclude Include="Graphics3D\LTModel.h">
      <Filter>Graphics3D</Filter>
    </ClInclude>
    <ClInclude Include="Graphics3D\DefaultModel.h">
      <Filter>Graphics3D</Filter>
    </ClInclude>
    <ClInclude Include="GameComponents\CameraComponent.h">
      <Filter>Components</Filter>
    </ClInclude>
    <ClInclude Include="Math\Frustum.h">
      <Filter>Math</Filter>
    </ClInclude>
    <ClInclude Include="Math\Plane.h">
      <Filter>Math</Filter>
    </ClInclude>
    <ClInclude Include="Interface\IScript.h">
      <Filter>Interface</Filter>
    </ClInclude>
    <ClInclude Include="Script\CameraControl.h">
      <Filter>Script</Filter>
    </ClInclude>
    <ClInclude Include="Graphics3D\RenderPass.h">
      <Filter>Graphics3D</Filter>
    </ClInclude>
    <ClInclude Include="Graphics3D\RenderPass\DefaultPass.h">
      <Filter>Graphics3D\RenderPass</Filter>
    </ClInclude>
    <ClInclude Include="Graphics3D\RenderPass\OutlinePass.h">
      <Filter>Graphics3D\RenderPass</Filter>
    </ClInclude>
    <ClInclude Include="Graphics3D\OpenGL\OpenGLRasterState.h">
      <Filter>Graphics3D\OpenGL</Filter>
    </ClInclude>
    <ClInclude Include="Graphics3D\OpenGL\OpenGLBlendingState.h">
      <Filter>Graphics3D\OpenGL</Filter>
    </ClInclude>
    <ClInclude Include="Graphics3D\OpenGL\OpenGLFrameBuffer.h">
      <Filter>Graphics3D\OpenGL</Filter>
    </ClInclude>
    <ClInclude Include="Graphics3D\OpenGL\OpenGLRenderBuffer.h">
      <Filter>Graphics3D\OpenGL</Filter>
    </ClInclude>
    <ClInclude Include="Graphics3D\OpenGL\DataMap.h">
      <Filter>Graphics3D\OpenGL</Filter>
    </ClInclude>
    <ClInclude Include="Graphics3D\SkyBox.h">
      <Filter>Graphics3D</Filter>
    </ClInclude>
    <ClInclude Include="Graphics3D\Light\DirectionLight.h">
      <Filter>Graphics3D\LightData</Filter>
    </ClInclude>
    <ClInclude Include="Graphics3D\Light\PointLight.h">
      <Filter>Graphics3D\LightData</Filter>
    </ClInclude>
    <ClInclude Include="Graphics3D\LightManager.h">
      <Filter>Graphics3D</Filter>
    </ClInclude>
    <ClInclude Include="Animation\AnimationState.h">
      <Filter>Animation</Filter>
    </ClInclude>
    <ClInclude Include="GameComponents\AnimatorComponent.h">
      <Filter>Components</Filter>
    </ClInclude>
    <ClInclude Include="Script\TestScript.h">
      <Filter>Script</Filter>
    </ClInclude>
    <ClInclude Include="Animation\AnimationLayer.h">
      <Filter>Animation</Filter>
    </ClInclude>
    <ClInclude Include="Script\LuaScriptExporter.h">
      <Filter>Script</Filter>
    </ClInclude>
    <ClInclude Include="GameComponents\ScriptComponent.h">
      <Filter>Components</Filter>
    </ClInclude>
    <ClInclude Include="Interface\IScriptManager.h">
      <Filter>Interface</Filter>
    </ClInclude>
    <ClInclude Include="Script\ComponentBinding.h">
      <Filter>Script</Filter>
    </ClInclude>
    <ClInclude Include="Script\ScriptEventListener.h">
      <Filter>Script</Filter>
    </ClInclude>
    <ClInclude Include="..\ThirdParty\imgui\imconfig.h">
      <Filter>Utilities\imgui</Filter>
    </ClInclude>
    <ClInclude Include="..\ThirdParty\imgui\imgui.h">
      <Filter>Utilities\imgui</Filter>
    </ClInclude>
    <ClInclude Include="..\ThirdParty\imgui\imgui_internal.h">
      <Filter>Utilities\imgui</Filter>
    </ClInclude>
    <ClInclude Include="..\ThirdParty\imgui\imstb_rectpack.h">
      <Filter>Utilities\imgui</Filter>
    </ClInclude>
    <ClInclude Include="..\ThirdParty\imgui\imstb_textedit.h">
      <Filter>Utilities\imgui</Filter>
    </ClInclude>
    <ClInclude Include="..\ThirdParty\imgui\imstb_truetype.h">
      <Filter>Utilities\imgui</Filter>
    </ClInclude>
    <ClInclude Include="Core\Physic.h">
      <Filter>Core</Filter>
    </ClInclude>
    <ClInclude Include="Math\Ray.h">
      <Filter>Math</Filter>
    </ClInclude>
    <ClInclude Include="GameComponents\collidercomponent.h">
      <Filter>Components</Filter>
    </ClInclude>
    <ClInclude Include="GameComponents\RigidBodyComponent.h">
      <Filter>Components</Filter>
    </ClInclude>
    <ClInclude Include="GameComponents\SoundListener.h">
      <Filter>Components</Filter>
    </ClInclude>
    <ClInclude Include="GameComponents\SoundSource3D.h">
      <Filter>Components</Filter>
    </ClInclude>
    <ClInclude Include="Core\SoundEngine.h">
      <Filter>Core</Filter>
    </ClInclude>
    <ClInclude Include="Graphics3D\EffectSystem.h">
      <Filter>Graphics3D</Filter>
    </ClInclude>
    <ClInclude Include="Interface\IEffectSystem.h">
      <Filter>Interface</Filter>
    </ClInclude>
    <ClInclude Include="Graphics3D\Particles.h">
      <Filter>Graphics3D</Filter>
    </ClInclude>
    <ClInclude Include="Graphics3D\Sprite.h">
      <Filter>Graphics3D</Filter>
    </ClInclude>
    <ClInclude Include="Graphics3D\OpenGL\OpenGLStencilState.h">
      <Filter>Graphics3D\OpenGL</Filter>
    </ClInclude>
    <ClInclude Include="Graphics3D\OpenGL\OpenGLDepthState.h">
      <Filter>Graphics3D\OpenGL</Filter>
    </ClInclude>
    <ClInclude Include="Core\RenderSystem.h">
      <Filter>Core</Filter>
    </ClInclude>
    <ClInclude Include="Interface\IRenderSystem.h">
      <Filter>Interface</Filter>
    </ClInclude>
    <ClInclude Include="Interface\ICamera.h">
      <Filter>Interface</Filter>
    </ClInclude>
    <ClInclude Include="Interface\Renderer.h">
      <Filter>Interface</Filter>
    </ClInclude>
    <ClInclude Include="Core\DebugRender.h">
      <Filter>Core</Filter>
    </ClInclude>
  </ItemGroup>
  <ItemGroup>
    <ClCompile Include="pch.cpp" />
    <ClCompile Include="Source.cpp" />
    <ClCompile Include="Utilities\String.cpp">
      <Filter>Utilities</Filter>
    </ClCompile>
    <ClCompile Include="Core\Application.cpp">
      <Filter>Core</Filter>
    </ClCompile>
    <ClCompile Include="Core\Log.cpp">
      <Filter>Core</Filter>
    </ClCompile>
    <ClCompile Include="Core\Context.cpp">
      <Filter>Core</Filter>
    </ClCompile>
    <ClCompile Include="GamePlugin\GamePluginManager.cpp">
      <Filter>GamePlugin</Filter>
    </ClCompile>
    <ClCompile Include="Utilities\Observer.cpp">
      <Filter>Utilities</Filter>
    </ClCompile>
    <ClCompile Include="Graphics3D\OpenGL\OpenGLPixelShader.cpp">
      <Filter>Graphics3D\OpenGL</Filter>
    </ClCompile>
    <ClCompile Include="Graphics3D\OpenGL\OpenGLVertexShader.cpp">
      <Filter>Graphics3D\OpenGL</Filter>
    </ClCompile>
    <ClCompile Include="Graphics3D\OpenGL\OpenGLCompressTexture.cpp">
      <Filter>Graphics3D\OpenGL</Filter>
    </ClCompile>
    <ClCompile Include="Graphics3D\OpenGL\OpenGLIndexBuffer.cpp">
      <Filter>Graphics3D\OpenGL</Filter>
    </ClCompile>
    <ClCompile Include="Graphics3D\OpenGL\OpenGLPipeline.cpp">
      <Filter>Graphics3D\OpenGL</Filter>
    </ClCompile>
    <ClCompile Include="Graphics3D\OpenGL\OpenGLPipelineParam.cpp">
      <Filter>Graphics3D\OpenGL</Filter>
    </ClCompile>
    <ClCompile Include="Graphics3D\OpenGL\OpenGLRenderDevice.cpp">
      <Filter>Graphics3D\OpenGL</Filter>
    </ClCompile>
    <ClCompile Include="Graphics3D\OpenGL\OpenGLTexture.cpp">
      <Filter>Graphics3D\OpenGL</Filter>
    </ClCompile>
    <ClCompile Include="Graphics3D\OpenGL\OpenGLVertexArray.cpp">
      <Filter>Graphics3D\OpenGL</Filter>
    </ClCompile>
    <ClCompile Include="Graphics3D\OpenGL\OpenGLVertexBuffer.cpp">
      <Filter>Graphics3D\OpenGL</Filter>
    </ClCompile>
    <ClCompile Include="Graphics3D\OpenGL\OpenGLVertexDescription.cpp">
      <Filter>Graphics3D\OpenGL</Filter>
    </ClCompile>
    <ClCompile Include="Core\OpenGLWindows.cpp">
      <Filter>Core</Filter>
    </ClCompile>
    <ClCompile Include="Core\OpenGLInput.cpp">
      <Filter>Core</Filter>
    </ClCompile>
    <ClCompile Include="ResourceManager\ResourceManager.cpp">
      <Filter>ResourceManager</Filter>
    </ClCompile>
    <ClCompile Include="ResourceManager\LTBFileLoader.cpp">
      <Filter>ResourceManager</Filter>
    </ClCompile>
    <ClCompile Include="Math\AABB.cpp">
      <Filter>Math</Filter>
    </ClCompile>
    <ClCompile Include="Graphics3D\SkeMesh.cpp">
      <Filter>Graphics3D</Filter>
    </ClCompile>
    <ClCompile Include="Graphics3D\OpenGL\OpenGLCubeTexture.cpp">
      <Filter>Graphics3D\OpenGL</Filter>
    </ClCompile>
    <ClCompile Include="Core\ActorFactory.cpp">
      <Filter>Core</Filter>
    </ClCompile>
    <ClCompile Include="Graphics3D\Actor.cpp">
      <Filter>Graphics3D</Filter>
    </ClCompile>
    <ClCompile Include="Graphics3D\Scene.cpp">
      <Filter>Graphics3D</Filter>
    </ClCompile>
    <ClCompile Include="Core\EventManager.cpp">
      <Filter>Core</Filter>
    </ClCompile>
    <ClCompile Include="Core\Timer.cpp">
      <Filter>Core</Filter>
    </ClCompile>
    <ClCompile Include="GameComponents\TransformComponent.cpp">
      <Filter>Components</Filter>
    </ClCompile>
    <ClCompile Include="GameComponents\MeshRenderComponent.cpp">
      <Filter>Components</Filter>
    </ClCompile>
    <ClCompile Include="Graphics3D\DefaultMaterial.cpp">
      <Filter>Graphics3D</Filter>
    </ClCompile>
    <ClCompile Include="Graphics3D\DefaultMesh.cpp">
      <Filter>Graphics3D</Filter>
    </ClCompile>
    <ClCompile Include="Graphics3D\DefaultModel.cpp">
      <Filter>Graphics3D</Filter>
    </ClCompile>
    <ClCompile Include="Graphics3D\LTModel.cpp">
      <Filter>Graphics3D</Filter>
    </ClCompile>
    <ClCompile Include="GameComponents\CameraComponent.cpp">
      <Filter>Components</Filter>
    </ClCompile>
    <ClCompile Include="Math\Frustum.cpp">
      <Filter>Math</Filter>
    </ClCompile>
    <ClCompile Include="Math\Plane.cpp">
      <Filter>Math</Filter>
    </ClCompile>
    <ClCompile Include="Graphics3D\SkeletonMaterial.cpp">
      <Filter>Graphics3D</Filter>
    </ClCompile>
    <ClCompile Include="Graphics3D\RenderPass\DefaultPass.cpp">
      <Filter>Graphics3D\RenderPass</Filter>
    </ClCompile>
    <ClCompile Include="Script\CameraControl.cpp">
      <Filter>Script</Filter>
    </ClCompile>
    <ClCompile Include="Graphics3D\RenderPass\OutlinePass.cpp">
      <Filter>Graphics3D\RenderPass</Filter>
    </ClCompile>
    <ClCompile Include="Graphics3D\OpenGL\OpenGLBlendingState.cpp">
      <Filter>Graphics3D\OpenGL</Filter>
    </ClCompile>
    <ClCompile Include="Graphics3D\OpenGL\OpenGLRasterState.cpp">
      <Filter>Graphics3D\OpenGL</Filter>
    </ClCompile>
    <ClCompile Include="Graphics3D\OpenGL\OpenGLFrameBuffer.cpp">
      <Filter>Graphics3D\OpenGL</Filter>
    </ClCompile>
    <ClCompile Include="Graphics3D\OpenGL\OpenGLRenderBuffer.cpp">
      <Filter>Graphics3D\OpenGL</Filter>
    </ClCompile>
    <ClCompile Include="Graphics3D\SkyBox.cpp">
      <Filter>Graphics3D</Filter>
    </ClCompile>
    <ClCompile Include="Graphics3D\Material.cpp">
      <Filter>Graphics3D</Filter>
    </ClCompile>
    <ClCompile Include="Graphics3D\Light\DirectionLight.cpp">
      <Filter>Graphics3D\LightData</Filter>
    </ClCompile>
    <ClCompile Include="Graphics3D\Light\PointLight.cpp">
      <Filter>Graphics3D\LightData</Filter>
    </ClCompile>
    <ClCompile Include="Graphics3D\LightManager.cpp">
      <Filter>Graphics3D</Filter>
    </ClCompile>
    <ClCompile Include="Animation\AnimationState.cpp">
      <Filter>Animation</Filter>
    </ClCompile>
    <ClCompile Include="GameComponents\AnimatorComponent.cpp">
      <Filter>Components</Filter>
    </ClCompile>
    <ClCompile Include="Animation\AnimationLayer.cpp">
      <Filter>Animation</Filter>
    </ClCompile>
    <ClCompile Include="Script\TestScript.cpp">
      <Filter>Script</Filter>
    </ClCompile>
    <ClCompile Include="GameComponents\ScriptComponent.cpp">
      <Filter>Components</Filter>
    </ClCompile>
    <ClCompile Include="Script\LuaScriptExporter.cpp">
      <Filter>Script</Filter>
    </ClCompile>
    <ClCompile Include="..\ThirdParty\imgui\imgui.cpp">
      <Filter>Utilities\imgui</Filter>
    </ClCompile>
    <ClCompile Include="..\ThirdParty\imgui\imgui_demo.cpp">
      <Filter>Utilities\imgui</Filter>
    </ClCompile>
    <ClCompile Include="..\ThirdParty\imgui\imgui_draw.cpp">
      <Filter>Utilities\imgui</Filter>
    </ClCompile>
    <ClCompile Include="..\ThirdParty\imgui\imgui_widgets.cpp">
      <Filter>Utilities\imgui</Filter>
    </ClCompile>
    <ClCompile Include="Script\ScriptEventListener.cpp">
      <Filter>Script</Filter>
    </ClCompile>
    <ClCompile Include="Core\OpenGLSysUI.cpp">
      <Filter>Core</Filter>
    </ClCompile>
    <ClCompile Include="Core\Physic.cpp">
      <Filter>Core</Filter>
    </ClCompile>
    <ClCompile Include="GameComponents\ColliderComponent.cpp">
      <Filter>Components</Filter>
    </ClCompile>
    <ClCompile Include="GameComponents\RigidBodyComponent.cpp">
      <Filter>Components</Filter>
    </ClCompile>
    <ClCompile Include="GameComponents\SoundListener.cpp">
      <Filter>Components</Filter>
    </ClCompile>
    <ClCompile Include="GameComponents\SoundSource3D.cpp">
      <Filter>Components</Filter>
    </ClCompile>
    <ClCompile Include="Core\SoundEngine.cpp">
      <Filter>Core</Filter>
    </ClCompile>
    <ClCompile Include="Graphics3D\EffectSystem.cpp">
      <Filter>Graphics3D</Filter>
    </ClCompile>
    <ClCompile Include="Graphics3D\OpenGL\OpenGLStencilState.cpp">
      <Filter>Graphics3D\OpenGL</Filter>
    </ClCompile>
    <ClCompile Include="Graphics3D\OpenGL\OpenGLDepthState.cpp">
      <Filter>Graphics3D\OpenGL</Filter>
    </ClCompile>
    <ClCompile Include="Core\DebugRender.cpp">
      <Filter>Core</Filter>
    </ClCompile>
    <ClCompile Include="Core\RenderSystem.cpp">
      <Filter>Core</Filter>
    </ClCompile>
  </ItemGroup>
  <ItemGroup>
    <Filter Include="Core">
      <UniqueIdentifier>{75cf2257-7778-4b99-941a-3aa1c5a16d1f}</UniqueIdentifier>
    </Filter>
    <Filter Include="Utilities">
      <UniqueIdentifier>{ab572b2e-eaae-47a7-a3b2-ea7ebe26bca1}</UniqueIdentifier>
    </Filter>
    <Filter Include="Graphics3D">
      <UniqueIdentifier>{9fea3dfb-c595-4397-8847-9cfb6ec2a646}</UniqueIdentifier>
    </Filter>
    <Filter Include="GameAssets">
      <UniqueIdentifier>{e065ac98-9017-4c21-ab1a-c062573d470a}</UniqueIdentifier>
    </Filter>
    <Filter Include="GameAssets\SHADER">
      <UniqueIdentifier>{e9aa33ff-81f4-4875-aa05-7d06e3ffed3c}</UniqueIdentifier>
    </Filter>
    <Filter Include="GameAssets\MODEL">
      <UniqueIdentifier>{74725479-50fd-4ccc-a60b-c83a5578a4fb}</UniqueIdentifier>
    </Filter>
    <Filter Include="GameAssets\SCRIPT">
      <UniqueIdentifier>{28500c10-7e1f-4bae-9498-5a26d4db9f1b}</UniqueIdentifier>
    </Filter>
    <Filter Include="Utilities\imgui">
      <UniqueIdentifier>{e56bc35b-3139-4a90-aaf9-47b79952884a}</UniqueIdentifier>
    </Filter>
    <Filter Include="GameAssets\ACTOR">
      <UniqueIdentifier>{a57646c4-e4a6-45cf-bd22-e45239463c23}</UniqueIdentifier>
    </Filter>
    <Filter Include="GameAssets\WEAPON">
      <UniqueIdentifier>{7bb93134-dcf5-459d-8479-958495850ed0}</UniqueIdentifier>
    </Filter>
    <Filter Include="GamePlugin">
      <UniqueIdentifier>{71709d11-4ce1-46cb-b786-e4d5f3f1dc46}</UniqueIdentifier>
    </Filter>
    <Filter Include="Graphics3D\OpenGL">
      <UniqueIdentifier>{f3e355db-8a15-4633-87b0-4af65f1c66c4}</UniqueIdentifier>
    </Filter>
    <Filter Include="Interface">
      <UniqueIdentifier>{d3db6774-c306-4bf6-a76e-20175664330e}</UniqueIdentifier>
    </Filter>
    <Filter Include="ResourceManager">
      <UniqueIdentifier>{d56bd2ce-bd71-4626-9df1-5fb93043b849}</UniqueIdentifier>
    </Filter>
    <Filter Include="Math">
      <UniqueIdentifier>{88a7836e-fd70-4c5d-abd7-29eb3783718c}</UniqueIdentifier>
    </Filter>
    <Filter Include="Components">
      <UniqueIdentifier>{5207efdf-e9f8-4b16-9070-645412eac913}</UniqueIdentifier>
    </Filter>
    <Filter Include="Script">
      <UniqueIdentifier>{46387a48-d0bc-4610-9d42-8fbd76318116}</UniqueIdentifier>
    </Filter>
    <Filter Include="Graphics3D\RenderPass">
      <UniqueIdentifier>{eedb91e4-e560-4afe-aef7-6151792799ba}</UniqueIdentifier>
    </Filter>
    <Filter Include="Graphics3D\LightData">
      <UniqueIdentifier>{f5b27735-a0b8-4148-9ec0-a3be31883716}</UniqueIdentifier>
    </Filter>
    <Filter Include="Animation">
      <UniqueIdentifier>{926dc625-7ff7-419f-ad64-f59a593130a3}</UniqueIdentifier>
    </Filter>
    <Filter Include="VGUI">
      <UniqueIdentifier>{01d34b06-d574-4402-acbe-2abdad5349a5}</UniqueIdentifier>
    </Filter>
  </ItemGroup>
  <ItemGroup>
    <None Include="GameAssets\Shader\NoTexture.vs">
      <Filter>GameAssets\SHADER</Filter>
    </None>
    <None Include="GameAssets\Shader\NoTexture.fs">
      <Filter>GameAssets\SHADER</Filter>
    </None>
    <None Include="GameAssets\SHADER\Texture.fs">
      <Filter>GameAssets\SHADER</Filter>
    </None>
    <None Include="GameAssets\SHADER\Debug.vs">
      <Filter>GameAssets\SHADER</Filter>
    </None>
    <None Include="GameAssets\SHADER\Debug.fs">
      <Filter>GameAssets\SHADER</Filter>
    </None>
    <None Include="GameAssets\SHADER\Skeleton.vs">
      <Filter>GameAssets\SHADER</Filter>
    </None>
    <None Include="GameAssets\SCRIPTS\test.lua">
      <Filter>GameAssets\SCRIPT</Filter>
    </None>
    <None Include="GameAssets\SCRIPTS\Box.lua">
      <Filter>GameAssets\SCRIPT</Filter>
    </None>
    <None Include="GameAssets\SHADER\Texture.vs">
      <Filter>GameAssets\SHADER</Filter>
    </None>
    <None Include="GameAssets\SHADER\imgui.vs">
      <Filter>GameAssets\SHADER</Filter>
    </None>
    <None Include="GameAssets\SHADER\imgui.fs">
      <Filter>GameAssets\SHADER</Filter>
    </None>
  </ItemGroup>
  <ItemGroup>
    <Xml Include="GameAssets\MODEL\707.xml">
      <Filter>GameAssets\MODEL</Filter>
    </Xml>
    <Xml Include="GameAssets\physics.xml">
      <Filter>GameAssets</Filter>
    </Xml>
    <Xml Include="GameAssets\Renderer.xml">
      <Filter>GameAssets</Filter>
    </Xml>
    <Xml Include="GameAssets\Resources.xml">
      <Filter>GameAssets</Filter>
    </Xml>
    <Xml Include="GameAssets\ACTOR\Box.xml">
      <Filter>GameAssets\ACTOR</Filter>
    </Xml>
    <Xml Include="GameAssets\ACTOR\Camera.xml">
      <Filter>GameAssets\ACTOR</Filter>
    </Xml>
    <Xml Include="GameAssets\ACTOR\Ground.xml">
      <Filter>GameAssets\ACTOR</Filter>
    </Xml>
    <Xml Include="GameAssets\ACTOR\Player.xml">
      <Filter>GameAssets\ACTOR</Filter>
    </Xml>
    <Xml Include="GameAssets\ACTOR\PlayerWoman.xml">
      <Filter>GameAssets\ACTOR</Filter>
    </Xml>
    <Xml Include="GameAssets\ACTOR\PV.xml">
      <Filter>GameAssets\ACTOR</Filter>
    </Xml>
    <Xml Include="GameAssets\ACTOR\Root.xml">
      <Filter>GameAssets\ACTOR</Filter>
    </Xml>
    <Xml Include="GameAssets\ACTOR\Terrain.xml">
      <Filter>GameAssets\ACTOR</Filter>
    </Xml>
    <Xml Include="GameAssets\ACTOR\Zombie.xml">
      <Filter>GameAssets\ACTOR</Filter>
    </Xml>
    <Xml Include="GameAssets\ACTOR\ZombieAssassin.xml">
      <Filter>GameAssets\ACTOR</Filter>
    </Xml>
    <Xml Include="GameAssets\WEAPON\Weapon.xml">
      <Filter>GameAssets\WEAPON</Filter>
    </Xml>
    <Xml Include="GameAssets\WEAPON\Character.xml">
      <Filter>GameAssets\WEAPON</Filter>
    </Xml>
  </ItemGroup>
</Project>